
Microsoft Visual Studio Solution File, Format Version 12.00
# Visual Studio 14
VisualStudioVersion = 14.0.25123.0
MinimumVisualStudioVersion = 10.0.40219.1
Project("{31F9349D-D37C-4A0D-90C4-9A42C473AC2C}") = "Sitecore.Support.196698", "Sitecore.Support.196698\Sitecore.Support.196698.csproj", "{A270450C-136C-424B-920F-08173227ACFD}"
EndProject
Global
	GlobalSection(SolutionConfigurationPlatforms) = preSolution
		Debug|Any CPU = Debug|Any CPU
		Release|Any CPU = Release|Any CPU
	EndGlobalSection
	GlobalSection(ProjectConfigurationPlatforms) = postSolution
		{A270450C-136C-424B-920F-08173227ACFD}.Debug|Any CPU.ActiveCfg = Debug|Any CPU
		{A270450C-136C-424B-920F-08173227ACFD}.Debug|Any CPU.Build.0 = Debug|Any CPU
		{A270450C-136C-424B-920F-08173227ACFD}.Release|Any CPU.ActiveCfg = Release|Any CPU
		{A270450C-136C-424B-920F-08173227ACFD}.Release|Any CPU.Build.0 = Release|Any CPU
	EndGlobalSection
	GlobalSection(SolutionProperties) = preSolution
		HideSolutionNode = FALSE
	EndGlobalSection
EndGlobal
